// !$*UTF8*$!
{
	archiveVersion = 1;
	classes = {
	};
	objectVersion = 47;
	objects = {

/* Begin PBXBuildFile section */
		08B6DAEC2B6A4A82B0909116 /* CDVDevice.m in Sources */ = {isa = PBXBuildFile; fileRef = D7551F2EEF1F464F93F18133 /* CDVDevice.m */; };
		0E81DF7697DA43649166DFC1 /* CDVAssetLibraryFilesystem.m in Sources */ = {isa = PBXBuildFile; fileRef = 3FA4DE07CC93449C9C3EC0EA /* CDVAssetLibraryFilesystem.m */; };
		157CA4ED00C04E048ADE6DCD /* Overlay.png in Resources */ = {isa = PBXBuildFile; fileRef = 874716E46F664CE1AC5DAF5E /* Overlay.png */; };
		1D3623260D0F684500981E51 /* AppDelegate.m in Sources */ = {isa = PBXBuildFile; fileRef = 1D3623250D0F684500981E51 /* AppDelegate.m */; };
		1D60589B0D05DD56006BFB54 /* main.m in Sources */ = {isa = PBXBuildFile; fileRef = 29B97316FDCFA39411CA2CEA /* main.m */; };
		288765FD0DF74451002DB57D /* CoreGraphics.framework in Frameworks */ = {isa = PBXBuildFile; fileRef = 288765FC0DF74451002DB57D /* CoreGraphics.framework */; };
		2CE15178F7B64BFCB6E7BA64 /* CDVClipboard.m in Sources */ = {isa = PBXBuildFile; fileRef = 33745F0A445D4F04A64D602B /* CDVClipboard.m */; };
		2DFFA59CD2974F0FAA822ED5 /* YoikScreenOrientation.m in Sources */ = {isa = PBXBuildFile; fileRef = 1585EDD7F6D84DAF98E25932 /* YoikScreenOrientation.m */; };
		301BF552109A68D80062928A /* libCordova.a in Frameworks */ = {isa = PBXBuildFile; fileRef = 301BF535109A57CC0062928A /* libCordova.a */; };
		302D95F114D2391D003F00A1 /* MainViewController.m in Sources */ = {isa = PBXBuildFile; fileRef = 302D95EF14D2391D003F00A1 /* MainViewController.m */; };
		302D95F214D2391D003F00A1 /* MainViewController.xib in Resources */ = {isa = PBXBuildFile; fileRef = 302D95F014D2391D003F00A1 /* MainViewController.xib */; };
		305D5FD1115AB8F900A74A75 /* MobileCoreServices.framework in Frameworks */ = {isa = PBXBuildFile; fileRef = 305D5FD0115AB8F900A74A75 /* MobileCoreServices.framework */; };
		36AB6CFAA5C24A41830CB6F9 /* ELCAlbumPickerController.m in Sources */ = {isa = PBXBuildFile; fileRef = 50BE7081EAA34AD19570CF5E /* ELCAlbumPickerController.m */; };
		3D87AABE83334600B3828AE2 /* CDVViewController+SplashScreen.m in Sources */ = {isa = PBXBuildFile; fileRef = 0964DED954474DFC9B13BDA2 /* CDVViewController+SplashScreen.m */; };
		44967B8C1F574544BEFACF6C /* CDVFileTransfer.m in Sources */ = {isa = PBXBuildFile; fileRef = A39AB32F90DE4D3E91A69C25 /* CDVFileTransfer.m */; };
		5B1594DD16A7569C00FEF299 /* AssetsLibrary.framework in Frameworks */ = {isa = PBXBuildFile; fileRef = 5B1594DC16A7569C00FEF299 /* AssetsLibrary.framework */; };
		70A381543D074ECEAAFC5570 /* Overlay@2x.png in Resources */ = {isa = PBXBuildFile; fileRef = 4B00D8178E8E4D1EA18D9E5A /* Overlay@2x.png */; };
		7A36FA11A1F14F67BB56BCF8 /* ELCAssetCell.m in Sources */ = {isa = PBXBuildFile; fileRef = 100F342003B04006BE548F62 /* ELCAssetCell.m */; };
		803009BB3BD54B5D8642DA90 /* CDVFile.m in Sources */ = {isa = PBXBuildFile; fileRef = 24DA5327EF6848509032DCDA /* CDVFile.m */; };
		8D6CEFDD0C9B4737AEEECD7B /* ELCAssetPicker.xib in Resources */ = {isa = PBXBuildFile; fileRef = 5D17D1745DC2442DB0A29875 /* ELCAssetPicker.xib */; };
		990797D4F8654111BF5A5B3F /* CDVInAppBrowser.m in Sources */ = {isa = PBXBuildFile; fileRef = 5A64A6F1D88C4331AD9B80F7 /* CDVInAppBrowser.m */; };
		9B7273009D194A269B2AAFC4 /* CDVLocalFilesystem.m in Sources */ = {isa = PBXBuildFile; fileRef = AAF3E62D2F8A4C06ACD200D6 /* CDVLocalFilesystem.m */; };
		9CA445AD24454693AE1EB723 /* ELCAlbumPickerController.xib in Resources */ = {isa = PBXBuildFile; fileRef = 77B086F66E2D4448BDE4F0B2 /* ELCAlbumPickerController.xib */; };
		ABC1FCAF988E467996731AA6 /* UIWebViewExtension.m in Sources */ = {isa = PBXBuildFile; fileRef = F890C15EA0C14869B03F5363 /* UIWebViewExtension.m */; };
		ABD0AC1431924832BC59CEBB /* CordovaFacebook.m in Sources */ = {isa = PBXBuildFile; fileRef = 760343138A9941128E8CB31A /* CordovaFacebook.m */; };
		AC2C21EF91A14C7A93CA223A /* CDVNotification.bundle in Resources */ = {isa = PBXBuildFile; fileRef = 2C2CC8DBE6314EEFA7B5C033 /* CDVNotification.bundle */; };
		AE1350951BF02D7900D7424D /* Default-568h@2x.png in Resources */ = {isa = PBXBuildFile; fileRef = AE1350941BF02D7900D7424D /* Default-568h@2x.png */; };
		AE1350971BF02D8200D7424D /* Default-667h@2x.png in Resources */ = {isa = PBXBuildFile; fileRef = AE1350961BF02D8200D7424D /* Default-667h@2x.png */; };
		AE1350991BF02D8C00D7424D /* Default-Landscape-736h@3x.png in Resources */ = {isa = PBXBuildFile; fileRef = AE1350981BF02D8C00D7424D /* Default-Landscape-736h@3x.png */; };
		AE13509B1BF02D9300D7424D /* Default-Landscape.png in Resources */ = {isa = PBXBuildFile; fileRef = AE13509A1BF02D9300D7424D /* Default-Landscape.png */; };
		AE13509D1BF02D9900D7424D /* Default-Landscape@2x.png in Resources */ = {isa = PBXBuildFile; fileRef = AE13509C1BF02D9900D7424D /* Default-Landscape@2x.png */; };
		AE13509F1BF02DA200D7424D /* Default-Portrait-736h@3x.png in Resources */ = {isa = PBXBuildFile; fileRef = AE13509E1BF02DA200D7424D /* Default-Portrait-736h@3x.png */; };
		AE1350A11BF02DA900D7424D /* Default-Portrait.png in Resources */ = {isa = PBXBuildFile; fileRef = AE1350A01BF02DA900D7424D /* Default-Portrait.png */; };
		AE1350A31BF02DB100D7424D /* Default-Portrait@2x.png in Resources */ = {isa = PBXBuildFile; fileRef = AE1350A21BF02DB100D7424D /* Default-Portrait@2x.png */; };
		AE1350A51BF02DB800D7424D /* Default@2x.png in Resources */ = {isa = PBXBuildFile; fileRef = AE1350A41BF02DB800D7424D /* Default@2x.png */; };
		AE427E841BF56131005491BA /* icon-72.png in Resources */ = {isa = PBXBuildFile; fileRef = AE427E831BF56131005491BA /* icon-72.png */; };
		AE427E861BF5614D005491BA /* icon-72@2x.png in Resources */ = {isa = PBXBuildFile; fileRef = AE427E851BF5614D005491BA /* icon-72@2x.png */; };
		AE427E881BF56163005491BA /* icon-76.png in Resources */ = {isa = PBXBuildFile; fileRef = AE427E871BF56163005491BA /* icon-76.png */; };
		AE427E8A1BF56186005491BA /* icon-Small-50.png in Resources */ = {isa = PBXBuildFile; fileRef = AE427E891BF56186005491BA /* icon-Small-50.png */; };
		AE9A49E01BCA16D50069DE46 /* FacebookSDK.framework in Frameworks */ = {isa = PBXBuildFile; fileRef = AE9A49DF1BCA16D50069DE46 /* FacebookSDK.framework */; settings = {ATTRIBUTES = (Required, ); }; };
		AEAD23761BF55F9700BC8EB5 /* icon-40.png in Resources */ = {isa = PBXBuildFile; fileRef = AEAD23751BF55F9700BC8EB5 /* icon-40.png */; };
		AEAD23781BF55FBA00BC8EB5 /* icon-50.png in Resources */ = {isa = PBXBuildFile; fileRef = AEAD23771BF55FBA00BC8EB5 /* icon-50.png */; };
		AEAD237A1BF55FEA00BC8EB5 /* icon-60.png in Resources */ = {isa = PBXBuildFile; fileRef = AEAD23791BF55FEA00BC8EB5 /* icon-60.png */; };
		BF4185833D2948E6B8E88F6C /* CDVCookies.m in Sources */ = {isa = PBXBuildFile; fileRef = E43B69B63F7B43DFAADC1685 /* CDVCookies.m */; };
		C00A8530841A4E049DB48DEB /* SOSPicker.m in Sources */ = {isa = PBXBuildFile; fileRef = 229E7F34467F4608BCCB1012 /* SOSPicker.m */; };
		C750A2FE70C54B7A8E801870 /* CDVLogger.m in Sources */ = {isa = PBXBuildFile; fileRef = 334C6A7AC9DB49AEB5B90428 /* CDVLogger.m */; };
		CBF2B6F9D10E49BC895FF040 /* ELCAssetTablePicker.xib in Resources */ = {isa = PBXBuildFile; fileRef = 5F7A25ECB13642C69BEF9367 /* ELCAssetTablePicker.xib */; };
		CEDEE581125341AEA085B6C0 /* CDVSplashScreen.m in Sources */ = {isa = PBXBuildFile; fileRef = 243E6B8653D84207BF9E1B89 /* CDVSplashScreen.m */; };
		D088DEC6EBC24DF7BE04F8CC /* IonicKeyboard.m in Sources */ = {isa = PBXBuildFile; fileRef = A9B73AE965004BBA8DF77C3D /* IonicKeyboard.m */; };
		D3975240FA184B009EE017C2 /* CDVNotification.m in Sources */ = {isa = PBXBuildFile; fileRef = ECCEB086D7ED472281973AE4 /* CDVNotification.m */; };
		D7B81B80C2F7498D8630A221 /* ELCImagePickerController.m in Sources */ = {isa = PBXBuildFile; fileRef = A1833704BEE04AB69529338B /* ELCImagePickerController.m */; };
		D982C81F120142448B55DD62 /* ELCAsset.m in Sources */ = {isa = PBXBuildFile; fileRef = 0AC6646AAC844406943356C9 /* ELCAsset.m */; };
		EC5247411F8549B789DC39BB /* ELCAssetTablePicker.m in Sources */ = {isa = PBXBuildFile; fileRef = B97E7B9419B84B6C9079E2DB /* ELCAssetTablePicker.m */; };
		F2BEE798D28B4E91867070B5 /* CDVInstagramPlugin.m in Sources */ = {isa = PBXBuildFile; fileRef = BC365931545D4C17B038E778 /* CDVInstagramPlugin.m */; };
		F6FE12248742412295737C79 /* AudioToolbox.framework in Frameworks */ = {isa = PBXBuildFile; fileRef = 90506AD75B4B4A68A0C7B689 /* AudioToolbox.framework */; settings = {ATTRIBUTES = (Weak, ); }; };
/* End PBXBuildFile section */

/* Begin PBXContainerItemProxy section */
		301BF534109A57CC0062928A /* PBXContainerItemProxy */ = {
			isa = PBXContainerItemProxy;
			containerPortal = 301BF52D109A57CC0062928A /* CordovaLib.xcodeproj */;
			proxyType = 2;
			remoteGlobalIDString = D2AAC07E0554694100DB518D;
			remoteInfo = CordovaLib;
		};
		301BF550109A68C00062928A /* PBXContainerItemProxy */ = {
			isa = PBXContainerItemProxy;
			containerPortal = 301BF52D109A57CC0062928A /* CordovaLib.xcodeproj */;
			proxyType = 1;
			remoteGlobalIDString = D2AAC07D0554694100DB518D;
			remoteInfo = CordovaLib;
		};
/* End PBXContainerItemProxy section */

/* Begin PBXFileReference section */
		059FD78A09FB461684A43D39 /* IonicKeyboard.h */ = {isa = PBXFileReference; fileEncoding = 4; lastKnownFileType = sourcecode.c.h; name = IonicKeyboard.h; path = com.ionic.keyboard/IonicKeyboard.h; sourceTree = "<group>"; };
		0964DED954474DFC9B13BDA2 /* CDVViewController+SplashScreen.m */ = {isa = PBXFileReference; fileEncoding = 4; lastKnownFileType = sourcecode.c.objc; name = "CDVViewController+SplashScreen.m"; path = "cordova-plugin-splashscreen/CDVViewController+SplashScreen.m"; sourceTree = "<group>"; };
		0AC6646AAC844406943356C9 /* ELCAsset.m */ = {isa = PBXFileReference; fileEncoding = 4; lastKnownFileType = sourcecode.c.objc; name = ELCAsset.m; path = com.synconset.imagepicker/ELCAsset.m; sourceTree = "<group>"; };
		0BA7C16C23D1442E8BD4247D /* ELCAssetPickerFilterDelegate.h */ = {isa = PBXFileReference; fileEncoding = 4; lastKnownFileType = sourcecode.c.h; name = ELCAssetPickerFilterDelegate.h; path = com.synconset.imagepicker/ELCAssetPickerFilterDelegate.h; sourceTree = "<group>"; };
		100F342003B04006BE548F62 /* ELCAssetCell.m */ = {isa = PBXFileReference; fileEncoding = 4; lastKnownFileType = sourcecode.c.objc; name = ELCAssetCell.m; path = com.synconset.imagepicker/ELCAssetCell.m; sourceTree = "<group>"; };
		144E273A61224571A46C87B4 /* ELCAsset.h */ = {isa = PBXFileReference; fileEncoding = 4; lastKnownFileType = sourcecode.c.h; name = ELCAsset.h; path = com.synconset.imagepicker/ELCAsset.h; sourceTree = "<group>"; };
		1585EDD7F6D84DAF98E25932 /* YoikScreenOrientation.m */ = {isa = PBXFileReference; fileEncoding = 4; lastKnownFileType = sourcecode.c.objc; name = YoikScreenOrientation.m; path = "cordova-plugin-screen-orientation/YoikScreenOrientation.m"; sourceTree = "<group>"; };
		17F1927C67B54F96B2851FE6 /* CDVViewController+SplashScreen.h */ = {isa = PBXFileReference; fileEncoding = 4; lastKnownFileType = sourcecode.c.h; name = "CDVViewController+SplashScreen.h"; path = "cordova-plugin-splashscreen/CDVViewController+SplashScreen.h"; sourceTree = "<group>"; };
		1D3623240D0F684500981E51 /* AppDelegate.h */ = {isa = PBXFileReference; fileEncoding = 4; lastKnownFileType = sourcecode.c.h; path = AppDelegate.h; sourceTree = "<group>"; };
		1D3623250D0F684500981E51 /* AppDelegate.m */ = {isa = PBXFileReference; fileEncoding = 4; lastKnownFileType = sourcecode.c.objc; path = AppDelegate.m; sourceTree = "<group>"; };
		1D6058910D05DD3D006BFB54 /* photoandgo.app */ = {isa = PBXFileReference; explicitFileType = wrapper.application; includeInIndex = 0; path = photoandgo.app; sourceTree = BUILT_PRODUCTS_DIR; };
		229E7F34467F4608BCCB1012 /* SOSPicker.m */ = {isa = PBXFileReference; fileEncoding = 4; lastKnownFileType = sourcecode.c.objc; name = SOSPicker.m; path = com.synconset.imagepicker/SOSPicker.m; sourceTree = "<group>"; };
		243E6B8653D84207BF9E1B89 /* CDVSplashScreen.m */ = {isa = PBXFileReference; fileEncoding = 4; lastKnownFileType = sourcecode.c.objc; name = CDVSplashScreen.m; path = "cordova-plugin-splashscreen/CDVSplashScreen.m"; sourceTree = "<group>"; };
		24DA5327EF6848509032DCDA /* CDVFile.m */ = {isa = PBXFileReference; fileEncoding = 4; lastKnownFileType = sourcecode.c.objc; name = CDVFile.m; path = "cordova-plugin-file/CDVFile.m"; sourceTree = "<group>"; };
		288765FC0DF74451002DB57D /* CoreGraphics.framework */ = {isa = PBXFileReference; lastKnownFileType = wrapper.framework; name = CoreGraphics.framework; path = System/Library/Frameworks/CoreGraphics.framework; sourceTree = SDKROOT; };
		29B97316FDCFA39411CA2CEA /* main.m */ = {isa = PBXFileReference; fileEncoding = 4; lastKnownFileType = sourcecode.c.objc; path = main.m; sourceTree = "<group>"; };
		2C2CC8DBE6314EEFA7B5C033 /* CDVNotification.bundle */ = {isa = PBXFileReference; lastKnownFileType = "wrapper.plug-in"; path = CDVNotification.bundle; sourceTree = "<group>"; };
		301BF52D109A57CC0062928A /* CordovaLib.xcodeproj */ = {isa = PBXFileReference; lastKnownFileType = "wrapper.pb-project"; name = CordovaLib.xcodeproj; path = CordovaLib/CordovaLib.xcodeproj; sourceTree = "<group>"; };
		301BF56E109A69640062928A /* www */ = {isa = PBXFileReference; lastKnownFileType = folder; path = www; sourceTree = SOURCE_ROOT; };
		302D95EE14D2391D003F00A1 /* MainViewController.h */ = {isa = PBXFileReference; fileEncoding = 4; lastKnownFileType = sourcecode.c.h; path = MainViewController.h; sourceTree = "<group>"; };
		302D95EF14D2391D003F00A1 /* MainViewController.m */ = {isa = PBXFileReference; fileEncoding = 4; lastKnownFileType = sourcecode.c.objc; path = MainViewController.m; sourceTree = "<group>"; };
		302D95F014D2391D003F00A1 /* MainViewController.xib */ = {isa = PBXFileReference; fileEncoding = 4; lastKnownFileType = file.xib; path = MainViewController.xib; sourceTree = "<group>"; };
		305D5FD0115AB8F900A74A75 /* MobileCoreServices.framework */ = {isa = PBXFileReference; lastKnownFileType = wrapper.framework; name = MobileCoreServices.framework; path = System/Library/Frameworks/MobileCoreServices.framework; sourceTree = SDKROOT; };
		32CA4F630368D1EE00C91783 /* photoandgo-Prefix.pch */ = {isa = PBXFileReference; fileEncoding = 4; lastKnownFileType = sourcecode.c.h; path = "photoandgo-Prefix.pch"; sourceTree = "<group>"; };
		334C6A7AC9DB49AEB5B90428 /* CDVLogger.m */ = {isa = PBXFileReference; fileEncoding = 4; lastKnownFileType = sourcecode.c.objc; name = CDVLogger.m; path = "cordova-plugin-console/CDVLogger.m"; sourceTree = "<group>"; };
		33745F0A445D4F04A64D602B /* CDVClipboard.m */ = {isa = PBXFileReference; fileEncoding = 4; lastKnownFileType = sourcecode.c.objc; name = CDVClipboard.m; path = com.verso.cordova.clipboard/CDVClipboard.m; sourceTree = "<group>"; };
		3FA4DE07CC93449C9C3EC0EA /* CDVAssetLibraryFilesystem.m */ = {isa = PBXFileReference; fileEncoding = 4; lastKnownFileType = sourcecode.c.objc; name = CDVAssetLibraryFilesystem.m; path = "cordova-plugin-file/CDVAssetLibraryFilesystem.m"; sourceTree = "<group>"; };
		433EB19863E845ABB47BB3BA /* CDVInstagramPlugin.h */ = {isa = PBXFileReference; fileEncoding = 4; lastKnownFileType = sourcecode.c.h; name = CDVInstagramPlugin.h; path = "cordova-instagram-plugin/CDVInstagramPlugin/CDVInstagramPlugin.h"; sourceTree = "<group>"; };
		4B00D8178E8E4D1EA18D9E5A /* Overlay@2x.png */ = {isa = PBXFileReference; fileEncoding = 4; lastKnownFileType = unknown; path = "Overlay@2x.png"; sourceTree = "<group>"; };
		4DA0F1ACE41542338FA9B1FA /* ELCAssetTablePicker.h */ = {isa = PBXFileReference; fileEncoding = 4; lastKnownFileType = sourcecode.c.h; name = ELCAssetTablePicker.h; path = com.synconset.imagepicker/ELCAssetTablePicker.h; sourceTree = "<group>"; };
		4E033784D8884F49AF9DD432 /* ELCImagePickerController.h */ = {isa = PBXFileReference; fileEncoding = 4; lastKnownFileType = sourcecode.c.h; name = ELCImagePickerController.h; path = com.synconset.imagepicker/ELCImagePickerController.h; sourceTree = "<group>"; };
		50BE7081EAA34AD19570CF5E /* ELCAlbumPickerController.m */ = {isa = PBXFileReference; fileEncoding = 4; lastKnownFileType = sourcecode.c.objc; name = ELCAlbumPickerController.m; path = com.synconset.imagepicker/ELCAlbumPickerController.m; sourceTree = "<group>"; };
		5A64A6F1D88C4331AD9B80F7 /* CDVInAppBrowser.m */ = {isa = PBXFileReference; fileEncoding = 4; lastKnownFileType = sourcecode.c.objc; name = CDVInAppBrowser.m; path = "cordova-plugin-inappbrowser/CDVInAppBrowser.m"; sourceTree = "<group>"; };
		5B1594DC16A7569C00FEF299 /* AssetsLibrary.framework */ = {isa = PBXFileReference; lastKnownFileType = wrapper.framework; name = AssetsLibrary.framework; path = System/Library/Frameworks/AssetsLibrary.framework; sourceTree = SDKROOT; };
		5D17D1745DC2442DB0A29875 /* ELCAssetPicker.xib */ = {isa = PBXFileReference; fileEncoding = 4; lastKnownFileType = file.xib; path = ELCAssetPicker.xib; sourceTree = "<group>"; };
		5D8B134ABB39467591174EF9 /* SOSPicker.h */ = {isa = PBXFileReference; fileEncoding = 4; lastKnownFileType = sourcecode.c.h; name = SOSPicker.h; path = com.synconset.imagepicker/SOSPicker.h; sourceTree = "<group>"; };
		5F7A25ECB13642C69BEF9367 /* ELCAssetTablePicker.xib */ = {isa = PBXFileReference; fileEncoding = 4; lastKnownFileType = file.xib; path = ELCAssetTablePicker.xib; sourceTree = "<group>"; };
		60D47E4A51A246249C84AA66 /* CDVFile.h */ = {isa = PBXFileReference; fileEncoding = 4; lastKnownFileType = sourcecode.c.h; name = CDVFile.h; path = "cordova-plugin-file/CDVFile.h"; sourceTree = "<group>"; };
		61B0840723D24665ABEDE651 /* CDVAssetLibraryFilesystem.h */ = {isa = PBXFileReference; fileEncoding = 4; lastKnownFileType = sourcecode.c.h; name = CDVAssetLibraryFilesystem.h; path = "cordova-plugin-file/CDVAssetLibraryFilesystem.h"; sourceTree = "<group>"; };
		6B2DF760597C4776A570622C /* CDVFileTransfer.h */ = {isa = PBXFileReference; fileEncoding = 4; lastKnownFileType = sourcecode.c.h; name = CDVFileTransfer.h; path = "cordova-plugin-file-transfer/CDVFileTransfer.h"; sourceTree = "<group>"; };
		6EF2B5FFAD09404E8312FC1D /* CDVNotification.h */ = {isa = PBXFileReference; fileEncoding = 4; lastKnownFileType = sourcecode.c.h; name = CDVNotification.h; path = "cordova-plugin-dialogs/CDVNotification.h"; sourceTree = "<group>"; };
		6FFBDFB260F34B088987C510 /* YoikScreenOrientation.h */ = {isa = PBXFileReference; fileEncoding = 4; lastKnownFileType = sourcecode.c.h; name = YoikScreenOrientation.h; path = "cordova-plugin-screen-orientation/YoikScreenOrientation.h"; sourceTree = "<group>"; };
		760343138A9941128E8CB31A /* CordovaFacebook.m */ = {isa = PBXFileReference; fileEncoding = 4; lastKnownFileType = sourcecode.c.objc; name = CordovaFacebook.m; path = com.ccsoft.plugin.CordovaFacebook/CordovaFacebook.m; sourceTree = "<group>"; };
		77B086F66E2D4448BDE4F0B2 /* ELCAlbumPickerController.xib */ = {isa = PBXFileReference; fileEncoding = 4; lastKnownFileType = file.xib; path = ELCAlbumPickerController.xib; sourceTree = "<group>"; };
		80688A30C8414E6A82443FE0 /* CDVDevice.h */ = {isa = PBXFileReference; fileEncoding = 4; lastKnownFileType = sourcecode.c.h; name = CDVDevice.h; path = "cordova-plugin-device/CDVDevice.h"; sourceTree = "<group>"; };
		8616F1079DCE4803856F6396 /* CDVLogger.h */ = {isa = PBXFileReference; fileEncoding = 4; lastKnownFileType = sourcecode.c.h; name = CDVLogger.h; path = "cordova-plugin-console/CDVLogger.h"; sourceTree = "<group>"; };
		874716E46F664CE1AC5DAF5E /* Overlay.png */ = {isa = PBXFileReference; fileEncoding = 4; lastKnownFileType = unknown; path = Overlay.png; sourceTree = "<group>"; };
		878DD3F4B55F4A9E949D2527 /* CDVSplashScreen.h */ = {isa = PBXFileReference; fileEncoding = 4; lastKnownFileType = sourcecode.c.h; name = CDVSplashScreen.h; path = "cordova-plugin-splashscreen/CDVSplashScreen.h"; sourceTree = "<group>"; };
		8A350296BFD34C88AD7E9509 /* UIWebViewExtension.h */ = {isa = PBXFileReference; fileEncoding = 4; lastKnownFileType = sourcecode.c.h; name = UIWebViewExtension.h; path = com.ionic.keyboard/UIWebViewExtension.h; sourceTree = "<group>"; };
		8D1107310486CEB800E47090 /* photoandgo-Info.plist */ = {isa = PBXFileReference; fileEncoding = 4; lastKnownFileType = text.plist.xml; name = "photoandgo-Info.plist"; path = "../photoandgo-Info.plist"; plistStructureDefinitionIdentifier = "com.apple.xcode.plist.structure-definition.iphone.info-plist"; sourceTree = "<group>"; };
		90506AD75B4B4A68A0C7B689 /* AudioToolbox.framework */ = {isa = PBXFileReference; fileEncoding = 4; lastKnownFileType = wrapper.framework; name = AudioToolbox.framework; path = System/Library/Frameworks/AudioToolbox.framework; sourceTree = SDKROOT; };
		9176E97CE3DA49BFA1A84F03 /* ELCAssetCell.h */ = {isa = PBXFileReference; fileEncoding = 4; lastKnownFileType = sourcecode.c.h; name = ELCAssetCell.h; path = com.synconset.imagepicker/ELCAssetCell.h; sourceTree = "<group>"; };
		946A41F394AF4603861F7440 /* CDVClipboard.h */ = {isa = PBXFileReference; fileEncoding = 4; lastKnownFileType = sourcecode.c.h; name = CDVClipboard.h; path = com.verso.cordova.clipboard/CDVClipboard.h; sourceTree = "<group>"; };
		958D0BF67C1A41FAA508A78A /* CordovaFacebook.h */ = {isa = PBXFileReference; fileEncoding = 4; lastKnownFileType = sourcecode.c.h; name = CordovaFacebook.h; path = com.ccsoft.plugin.CordovaFacebook/CordovaFacebook.h; sourceTree = "<group>"; };
		963B777432D64A7C896F7AEC /* CDVLocalFilesystem.h */ = {isa = PBXFileReference; fileEncoding = 4; lastKnownFileType = sourcecode.c.h; name = CDVLocalFilesystem.h; path = "cordova-plugin-file/CDVLocalFilesystem.h"; sourceTree = "<group>"; };
		A1833704BEE04AB69529338B /* ELCImagePickerController.m */ = {isa = PBXFileReference; fileEncoding = 4; lastKnownFileType = sourcecode.c.objc; name = ELCImagePickerController.m; path = com.synconset.imagepicker/ELCImagePickerController.m; sourceTree = "<group>"; };
		A39AB32F90DE4D3E91A69C25 /* CDVFileTransfer.m */ = {isa = PBXFileReference; fileEncoding = 4; lastKnownFileType = sourcecode.c.objc; name = CDVFileTransfer.m; path = "cordova-plugin-file-transfer/CDVFileTransfer.m"; sourceTree = "<group>"; };
		A55167E22EF24A9AB61C92FD /* ELCAlbumPickerController.h */ = {isa = PBXFileReference; fileEncoding = 4; lastKnownFileType = sourcecode.c.h; name = ELCAlbumPickerController.h; path = com.synconset.imagepicker/ELCAlbumPickerController.h; sourceTree = "<group>"; };
		A972E5D860B04D0AA36788DE /* ELCAssetSelectionDelegate.h */ = {isa = PBXFileReference; fileEncoding = 4; lastKnownFileType = sourcecode.c.h; name = ELCAssetSelectionDelegate.h; path = com.synconset.imagepicker/ELCAssetSelectionDelegate.h; sourceTree = "<group>"; };
		A9922FC29E2E49A4B4D414CE /* CDVCookies.h */ = {isa = PBXFileReference; fileEncoding = 4; lastKnownFileType = sourcecode.c.h; name = CDVCookies.h; path = com.bez4pieci.cookies/CDVCookies.h; sourceTree = "<group>"; };
		A9B73AE965004BBA8DF77C3D /* IonicKeyboard.m */ = {isa = PBXFileReference; fileEncoding = 4; lastKnownFileType = sourcecode.c.objc; name = IonicKeyboard.m; path = com.ionic.keyboard/IonicKeyboard.m; sourceTree = "<group>"; };
		AA8E1321CBEB4226BF15CD06 /* CDVInAppBrowser.h */ = {isa = PBXFileReference; fileEncoding = 4; lastKnownFileType = sourcecode.c.h; name = CDVInAppBrowser.h; path = "cordova-plugin-inappbrowser/CDVInAppBrowser.h"; sourceTree = "<group>"; };
		AAF3E62D2F8A4C06ACD200D6 /* CDVLocalFilesystem.m */ = {isa = PBXFileReference; fileEncoding = 4; lastKnownFileType = sourcecode.c.objc; name = CDVLocalFilesystem.m; path = "cordova-plugin-file/CDVLocalFilesystem.m"; sourceTree = "<group>"; };
		AE1350941BF02D7900D7424D /* Default-568h@2x.png */ = {isa = PBXFileReference; lastKnownFileType = image.png; path = "Default-568h@2x.png"; sourceTree = "<group>"; };
		AE1350961BF02D8200D7424D /* Default-667h@2x.png */ = {isa = PBXFileReference; lastKnownFileType = image.png; path = "Default-667h@2x.png"; sourceTree = "<group>"; };
		AE1350981BF02D8C00D7424D /* Default-Landscape-736h@3x.png */ = {isa = PBXFileReference; lastKnownFileType = image.png; path = "Default-Landscape-736h@3x.png"; sourceTree = "<group>"; };
		AE13509A1BF02D9300D7424D /* Default-Landscape.png */ = {isa = PBXFileReference; lastKnownFileType = image.png; path = "Default-Landscape.png"; sourceTree = "<group>"; };
		AE13509C1BF02D9900D7424D /* Default-Landscape@2x.png */ = {isa = PBXFileReference; lastKnownFileType = image.png; path = "Default-Landscape@2x.png"; sourceTree = "<group>"; };
		AE13509E1BF02DA200D7424D /* Default-Portrait-736h@3x.png */ = {isa = PBXFileReference; lastKnownFileType = image.png; path = "Default-Portrait-736h@3x.png"; sourceTree = "<group>"; };
		AE1350A01BF02DA900D7424D /* Default-Portrait.png */ = {isa = PBXFileReference; lastKnownFileType = image.png; path = "Default-Portrait.png"; sourceTree = "<group>"; };
		AE1350A21BF02DB100D7424D /* Default-Portrait@2x.png */ = {isa = PBXFileReference; lastKnownFileType = image.png; path = "Default-Portrait@2x.png"; sourceTree = "<group>"; };
		AE1350A41BF02DB800D7424D /* Default@2x.png */ = {isa = PBXFileReference; lastKnownFileType = image.png; path = "Default@2x.png"; sourceTree = "<group>"; };
		AE427E831BF56131005491BA /* icon-72.png */ = {isa = PBXFileReference; lastKnownFileType = image.png; path = "icon-72.png"; sourceTree = "<group>"; };
		AE427E851BF5614D005491BA /* icon-72@2x.png */ = {isa = PBXFileReference; lastKnownFileType = image.png; path = "icon-72@2x.png"; sourceTree = "<group>"; };
		AE427E871BF56163005491BA /* icon-76.png */ = {isa = PBXFileReference; lastKnownFileType = image.png; path = "icon-76.png"; sourceTree = "<group>"; };
		AE427E891BF56186005491BA /* icon-Small-50.png */ = {isa = PBXFileReference; lastKnownFileType = image.png; path = "icon-Small-50.png"; sourceTree = "<group>"; };
		AE9A49DF1BCA16D50069DE46 /* FacebookSDK.framework */ = {isa = PBXFileReference; lastKnownFileType = wrapper.framework; path = FacebookSDK.framework; sourceTree = "<group>"; };
		AEAD23751BF55F9700BC8EB5 /* icon-40.png */ = {isa = PBXFileReference; lastKnownFileType = image.png; path = "icon-40.png"; sourceTree = "<group>"; };
		AEAD23771BF55FBA00BC8EB5 /* icon-50.png */ = {isa = PBXFileReference; lastKnownFileType = image.png; path = "icon-50.png"; sourceTree = "<group>"; };
		AEAD23791BF55FEA00BC8EB5 /* icon-60.png */ = {isa = PBXFileReference; lastKnownFileType = image.png; path = "icon-60.png"; sourceTree = "<group>"; };
		B97E7B9419B84B6C9079E2DB /* ELCAssetTablePicker.m */ = {isa = PBXFileReference; fileEncoding = 4; lastKnownFileType = sourcecode.c.objc; name = ELCAssetTablePicker.m; path = com.synconset.imagepicker/ELCAssetTablePicker.m; sourceTree = "<group>"; };
		BC365931545D4C17B038E778 /* CDVInstagramPlugin.m */ = {isa = PBXFileReference; fileEncoding = 4; lastKnownFileType = sourcecode.c.objc; name = CDVInstagramPlugin.m; path = "cordova-instagram-plugin/CDVInstagramPlugin/CDVInstagramPlugin.m"; sourceTree = "<group>"; };
		D7551F2EEF1F464F93F18133 /* CDVDevice.m */ = {isa = PBXFileReference; fileEncoding = 4; lastKnownFileType = sourcecode.c.objc; name = CDVDevice.m; path = "cordova-plugin-device/CDVDevice.m"; sourceTree = "<group>"; };
		E43B69B63F7B43DFAADC1685 /* CDVCookies.m */ = {isa = PBXFileReference; fileEncoding = 4; lastKnownFileType = sourcecode.c.objc; name = CDVCookies.m; path = com.bez4pieci.cookies/CDVCookies.m; sourceTree = "<group>"; };
		EB87FDF21871DA7A0020F90C /* merges */ = {isa = PBXFileReference; lastKnownFileType = folder; name = merges; path = ../../merges; sourceTree = "<group>"; };
		EB87FDF31871DA8E0020F90C /* www */ = {isa = PBXFileReference; lastKnownFileType = folder; name = www; path = ../../www; sourceTree = "<group>"; };
		EB87FDF41871DAF40020F90C /* config.xml */ = {isa = PBXFileReference; lastKnownFileType = text.xml; name = config.xml; path = ../../config.xml; sourceTree = "<group>"; };
		ECCEB086D7ED472281973AE4 /* CDVNotification.m */ = {isa = PBXFileReference; fileEncoding = 4; lastKnownFileType = sourcecode.c.objc; name = CDVNotification.m; path = "cordova-plugin-dialogs/CDVNotification.m"; sourceTree = "<group>"; };
		F840E1F0165FE0F500CFE078 /* config.xml */ = {isa = PBXFileReference; lastKnownFileType = text.xml; name = config.xml; path = photoandgo/config.xml; sourceTree = "<group>"; };
		F890C15EA0C14869B03F5363 /* UIWebViewExtension.m */ = {isa = PBXFileReference; fileEncoding = 4; lastKnownFileType = sourcecode.c.objc; name = UIWebViewExtension.m; path = com.ionic.keyboard/UIWebViewExtension.m; sourceTree = "<group>"; };
/* End PBXFileReference section */

/* Begin PBXFrameworksBuildPhase section */
		1D60588F0D05DD3D006BFB54 /* Frameworks */ = {
			isa = PBXFrameworksBuildPhase;
			buildActionMask = 2147483647;
			files = (
				5B1594DD16A7569C00FEF299 /* AssetsLibrary.framework in Frameworks */,
				301BF552109A68D80062928A /* libCordova.a in Frameworks */,
				288765FD0DF74451002DB57D /* CoreGraphics.framework in Frameworks */,
				305D5FD1115AB8F900A74A75 /* MobileCoreServices.framework in Frameworks */,
				F6FE12248742412295737C79 /* AudioToolbox.framework in Frameworks */,
				AE9A49E01BCA16D50069DE46 /* FacebookSDK.framework in Frameworks */,
			);
			runOnlyForDeploymentPostprocessing = 0;
		};
/* End PBXFrameworksBuildPhase section */

/* Begin PBXGroup section */
		080E96DDFE201D6D7F000001 /* Classes */ = {
			isa = PBXGroup;
			children = (
				302D95EE14D2391D003F00A1 /* MainViewController.h */,
				302D95EF14D2391D003F00A1 /* MainViewController.m */,
				302D95F014D2391D003F00A1 /* MainViewController.xib */,
				1D3623240D0F684500981E51 /* AppDelegate.h */,
				1D3623250D0F684500981E51 /* AppDelegate.m */,
			);
			name = Classes;
			path = photoandgo/Classes;
			sourceTree = SOURCE_ROOT;
		};
		19C28FACFE9D520D11CA2CBB /* Products */ = {
			isa = PBXGroup;
			children = (
				1D6058910D05DD3D006BFB54 /* photoandgo.app */,
			);
			name = Products;
			sourceTree = "<group>";
		};
		29B97314FDCFA39411CA2CEA /* CustomTemplate */ = {
			isa = PBXGroup;
			children = (
				EB87FDF41871DAF40020F90C /* config.xml */,
				EB87FDF31871DA8E0020F90C /* www */,
				EB87FDF21871DA7A0020F90C /* merges */,
				EB87FDF11871DA420020F90C /* Staging */,
				301BF52D109A57CC0062928A /* CordovaLib.xcodeproj */,
				080E96DDFE201D6D7F000001 /* Classes */,
				307C750510C5A3420062BCA9 /* Plugins */,
				29B97315FDCFA39411CA2CEA /* Other Sources */,
				29B97317FDCFA39411CA2CEA /* Resources */,
				29B97323FDCFA39411CA2CEA /* Frameworks */,
				19C28FACFE9D520D11CA2CBB /* Products */,
			);
			name = CustomTemplate;
			sourceTree = "<group>";
		};
		29B97315FDCFA39411CA2CEA /* Other Sources */ = {
			isa = PBXGroup;
			children = (
				32CA4F630368D1EE00C91783 /* photoandgo-Prefix.pch */,
				29B97316FDCFA39411CA2CEA /* main.m */,
			);
			name = "Other Sources";
			path = photoandgo;
			sourceTree = "<group>";
		};
		29B97317FDCFA39411CA2CEA /* Resources */ = {
			isa = PBXGroup;
			children = (
				308D052D1370CCF300D202BF /* icons */,
				308D05311370CCF300D202BF /* splash */,
				8D1107310486CEB800E47090 /* photoandgo-Info.plist */,
				2C2CC8DBE6314EEFA7B5C033 /* CDVNotification.bundle */,
				77B086F66E2D4448BDE4F0B2 /* ELCAlbumPickerController.xib */,
				5D17D1745DC2442DB0A29875 /* ELCAssetPicker.xib */,
				5F7A25ECB13642C69BEF9367 /* ELCAssetTablePicker.xib */,
				874716E46F664CE1AC5DAF5E /* Overlay.png */,
				4B00D8178E8E4D1EA18D9E5A /* Overlay@2x.png */,
			);
			name = Resources;
			path = photoandgo/Resources;
			sourceTree = "<group>";
		};
		29B97323FDCFA39411CA2CEA /* Frameworks */ = {
			isa = PBXGroup;
			children = (
				AE9A49DF1BCA16D50069DE46 /* FacebookSDK.framework */,
				5B1594DC16A7569C00FEF299 /* AssetsLibrary.framework */,
				288765FC0DF74451002DB57D /* CoreGraphics.framework */,
				305D5FD0115AB8F900A74A75 /* MobileCoreServices.framework */,
				90506AD75B4B4A68A0C7B689 /* AudioToolbox.framework */,
			);
			name = Frameworks;
			sourceTree = "<group>";
		};
		301BF52E109A57CC0062928A /* Products */ = {
			isa = PBXGroup;
			children = (
				301BF535109A57CC0062928A /* libCordova.a */,
			);
			name = Products;
			sourceTree = "<group>";
		};
		307C750510C5A3420062BCA9 /* Plugins */ = {
			isa = PBXGroup;
			children = (
				D7551F2EEF1F464F93F18133 /* CDVDevice.m */,
				80688A30C8414E6A82443FE0 /* CDVDevice.h */,
				334C6A7AC9DB49AEB5B90428 /* CDVLogger.m */,
				8616F1079DCE4803856F6396 /* CDVLogger.h */,
				ECCEB086D7ED472281973AE4 /* CDVNotification.m */,
				6EF2B5FFAD09404E8312FC1D /* CDVNotification.h */,
				24DA5327EF6848509032DCDA /* CDVFile.m */,
				AAF3E62D2F8A4C06ACD200D6 /* CDVLocalFilesystem.m */,
				3FA4DE07CC93449C9C3EC0EA /* CDVAssetLibraryFilesystem.m */,
				60D47E4A51A246249C84AA66 /* CDVFile.h */,
				963B777432D64A7C896F7AEC /* CDVLocalFilesystem.h */,
				61B0840723D24665ABEDE651 /* CDVAssetLibraryFilesystem.h */,
				A39AB32F90DE4D3E91A69C25 /* CDVFileTransfer.m */,
				6B2DF760597C4776A570622C /* CDVFileTransfer.h */,
				A9B73AE965004BBA8DF77C3D /* IonicKeyboard.m */,
				F890C15EA0C14869B03F5363 /* UIWebViewExtension.m */,
				059FD78A09FB461684A43D39 /* IonicKeyboard.h */,
				8A350296BFD34C88AD7E9509 /* UIWebViewExtension.h */,
				5A64A6F1D88C4331AD9B80F7 /* CDVInAppBrowser.m */,
				AA8E1321CBEB4226BF15CD06 /* CDVInAppBrowser.h */,
				229E7F34467F4608BCCB1012 /* SOSPicker.m */,
				50BE7081EAA34AD19570CF5E /* ELCAlbumPickerController.m */,
				0AC6646AAC844406943356C9 /* ELCAsset.m */,
				100F342003B04006BE548F62 /* ELCAssetCell.m */,
				B97E7B9419B84B6C9079E2DB /* ELCAssetTablePicker.m */,
				A1833704BEE04AB69529338B /* ELCImagePickerController.m */,
				5D8B134ABB39467591174EF9 /* SOSPicker.h */,
				A55167E22EF24A9AB61C92FD /* ELCAlbumPickerController.h */,
				144E273A61224571A46C87B4 /* ELCAsset.h */,
				9176E97CE3DA49BFA1A84F03 /* ELCAssetCell.h */,
				0BA7C16C23D1442E8BD4247D /* ELCAssetPickerFilterDelegate.h */,
				A972E5D860B04D0AA36788DE /* ELCAssetSelectionDelegate.h */,
				4DA0F1ACE41542338FA9B1FA /* ELCAssetTablePicker.h */,
				4E033784D8884F49AF9DD432 /* ELCImagePickerController.h */,
				1585EDD7F6D84DAF98E25932 /* YoikScreenOrientation.m */,
				6FFBDFB260F34B088987C510 /* YoikScreenOrientation.h */,
				33745F0A445D4F04A64D602B /* CDVClipboard.m */,
				946A41F394AF4603861F7440 /* CDVClipboard.h */,
				BC365931545D4C17B038E778 /* CDVInstagramPlugin.m */,
				433EB19863E845ABB47BB3BA /* CDVInstagramPlugin.h */,
				E43B69B63F7B43DFAADC1685 /* CDVCookies.m */,
				A9922FC29E2E49A4B4D414CE /* CDVCookies.h */,
				760343138A9941128E8CB31A /* CordovaFacebook.m */,
				958D0BF67C1A41FAA508A78A /* CordovaFacebook.h */,
				243E6B8653D84207BF9E1B89 /* CDVSplashScreen.m */,
				0964DED954474DFC9B13BDA2 /* CDVViewController+SplashScreen.m */,
				878DD3F4B55F4A9E949D2527 /* CDVSplashScreen.h */,
				17F1927C67B54F96B2851FE6 /* CDVViewController+SplashScreen.h */,
			);
			name = Plugins;
			path = photoandgo/Plugins;
			sourceTree = SOURCE_ROOT;
		};
		308D052D1370CCF300D202BF /* icons */ = {
			isa = PBXGroup;
			children = (
				AE427E891BF56186005491BA /* icon-Small-50.png */,
				AE427E871BF56163005491BA /* icon-76.png */,
				AE427E851BF5614D005491BA /* icon-72@2x.png */,
				AE427E831BF56131005491BA /* icon-72.png */,
				AEAD23791BF55FEA00BC8EB5 /* icon-60.png */,
				AEAD23771BF55FBA00BC8EB5 /* icon-50.png */,
				AEAD23751BF55F9700BC8EB5 /* icon-40.png */,
			);
			path = icons;
			sourceTree = "<group>";
		};
		308D05311370CCF300D202BF /* splash */ = {
			isa = PBXGroup;
			children = (
				AE1350A41BF02DB800D7424D /* Default@2x.png */,
				AE1350A21BF02DB100D7424D /* Default-Portrait@2x.png */,
				AE1350A01BF02DA900D7424D /* Default-Portrait.png */,
				AE13509E1BF02DA200D7424D /* Default-Portrait-736h@3x.png */,
				AE13509C1BF02D9900D7424D /* Default-Landscape@2x.png */,
				AE13509A1BF02D9300D7424D /* Default-Landscape.png */,
				AE1350981BF02D8C00D7424D /* Default-Landscape-736h@3x.png */,
				AE1350961BF02D8200D7424D /* Default-667h@2x.png */,
				AE1350941BF02D7900D7424D /* Default-568h@2x.png */,
			);
			path = splash;
			sourceTree = "<group>";
		};
		EB87FDF11871DA420020F90C /* Staging */ = {
			isa = PBXGroup;
			children = (
				F840E1F0165FE0F500CFE078 /* config.xml */,
				301BF56E109A69640062928A /* www */,
			);
			name = Staging;
			sourceTree = "<group>";
		};
/* End PBXGroup section */

/* Begin PBXNativeTarget section */
		1D6058900D05DD3D006BFB54 /* photoandgo */ = {
			isa = PBXNativeTarget;
			buildConfigurationList = 1D6058960D05DD3E006BFB54 /* Build configuration list for PBXNativeTarget "photoandgo" */;
			buildPhases = (
				304B58A110DAC018002A0835 /* Copy www directory */,
				1D60588D0D05DD3D006BFB54 /* Resources */,
				1D60588E0D05DD3D006BFB54 /* Sources */,
				1D60588F0D05DD3D006BFB54 /* Frameworks */,
			);
			buildRules = (
			);
			dependencies = (
				301BF551109A68C00062928A /* PBXTargetDependency */,
			);
			name = photoandgo;
			productName = photoandgo;
			productReference = 1D6058910D05DD3D006BFB54 /* photoandgo.app */;
			productType = "com.apple.product-type.application";
		};
/* End PBXNativeTarget section */

/* Begin PBXProject section */
		29B97313FDCFA39411CA2CEA /* Project object */ = {
			isa = PBXProject;
			attributes = {
				LastUpgradeCheck = 510;
				TargetAttributes = {
					1D6058900D05DD3D006BFB54 = {
						DevelopmentTeam = 2BVYZMWDF9;
					};
				};
			};
			buildConfigurationList = C01FCF4E08A954540054247B /* Build configuration list for PBXProject "photoandgo" */;
			compatibilityVersion = "Xcode 6.3";
			developmentRegion = English;
			hasScannedForEncodings = 1;
			knownRegions = (
				English,
				Japanese,
				French,
				German,
				en,
				es,
				de,
				se,
			);
			mainGroup = 29B97314FDCFA39411CA2CEA /* CustomTemplate */;
			projectDirPath = "";
			projectReferences = (
				{
					ProductGroup = 301BF52E109A57CC0062928A /* Products */;
					ProjectRef = 301BF52D109A57CC0062928A /* CordovaLib.xcodeproj */;
				},
			);
			projectRoot = "";
			targets = (
				1D6058900D05DD3D006BFB54 /* photoandgo */,
			);
		};
/* End PBXProject section */

/* Begin PBXReferenceProxy section */
		301BF535109A57CC0062928A /* libCordova.a */ = {
			isa = PBXReferenceProxy;
			fileType = archive.ar;
			path = libCordova.a;
			remoteRef = 301BF534109A57CC0062928A /* PBXContainerItemProxy */;
			sourceTree = BUILT_PRODUCTS_DIR;
		};
/* End PBXReferenceProxy section */

/* Begin PBXResourcesBuildPhase section */
		1D60588D0D05DD3D006BFB54 /* Resources */ = {
			isa = PBXResourcesBuildPhase;
			buildActionMask = 2147483647;
			files = (
				AE1350A31BF02DB100D7424D /* Default-Portrait@2x.png in Resources */,
				AE427E861BF5614D005491BA /* icon-72@2x.png in Resources */,
				AE1350A11BF02DA900D7424D /* Default-Portrait.png in Resources */,
				302D95F214D2391D003F00A1 /* MainViewController.xib in Resources */,
				AE1350951BF02D7900D7424D /* Default-568h@2x.png in Resources */,
				AC2C21EF91A14C7A93CA223A /* CDVNotification.bundle in Resources */,
				AE427E841BF56131005491BA /* icon-72.png in Resources */,
				AE1350A51BF02DB800D7424D /* Default@2x.png in Resources */,
				9CA445AD24454693AE1EB723 /* ELCAlbumPickerController.xib in Resources */,
				AEAD23761BF55F9700BC8EB5 /* icon-40.png in Resources */,
				8D6CEFDD0C9B4737AEEECD7B /* ELCAssetPicker.xib in Resources */,
				AE13509B1BF02D9300D7424D /* Default-Landscape.png in Resources */,
				AE427E8A1BF56186005491BA /* icon-Small-50.png in Resources */,
				AE1350971BF02D8200D7424D /* Default-667h@2x.png in Resources */,
				AEAD23781BF55FBA00BC8EB5 /* icon-50.png in Resources */,
				CBF2B6F9D10E49BC895FF040 /* ELCAssetTablePicker.xib in Resources */,
				AE13509F1BF02DA200D7424D /* Default-Portrait-736h@3x.png in Resources */,
				AE13509D1BF02D9900D7424D /* Default-Landscape@2x.png in Resources */,
				AE427E881BF56163005491BA /* icon-76.png in Resources */,
				AEAD237A1BF55FEA00BC8EB5 /* icon-60.png in Resources */,
				157CA4ED00C04E048ADE6DCD /* Overlay.png in Resources */,
				70A381543D074ECEAAFC5570 /* Overlay@2x.png in Resources */,
				AE1350991BF02D8C00D7424D /* Default-Landscape-736h@3x.png in Resources */,
			);
			runOnlyForDeploymentPostprocessing = 0;
		};
/* End PBXResourcesBuildPhase section */

/* Begin PBXShellScriptBuildPhase section */
		304B58A110DAC018002A0835 /* Copy www directory */ = {
			isa = PBXShellScriptBuildPhase;
			buildActionMask = 2147483647;
			files = (
			);
			inputPaths = (
			);
			name = "Copy www directory";
			outputPaths = (
			);
			runOnlyForDeploymentPostprocessing = 0;
			shellPath = /bin/sh;
			shellScript = "NODEJS_PATH=/usr/local/bin; NVM_NODE_PATH=~/.nvm/versions/node/`nvm version 2>/dev/null`/bin; N_NODE_PATH=`find /usr/local/n/versions/node/* -maxdepth 0 -type d 2>/dev/null | tail -1`/bin; XCODE_NODE_PATH=`xcode-select --print-path`/usr/share/xcs/Node/bin; PATH=$NODEJS_PATH:$NVM_NODE_PATH:$N_NODE_PATH:$XCODE_NODE_PATH:$PATH && node cordova/lib/copy-www-build-step.js";
			showEnvVarsInLog = 0;
		};
/* End PBXShellScriptBuildPhase section */

/* Begin PBXSourcesBuildPhase section */
		1D60588E0D05DD3D006BFB54 /* Sources */ = {
			isa = PBXSourcesBuildPhase;
			buildActionMask = 2147483647;
			files = (
				1D60589B0D05DD56006BFB54 /* main.m in Sources */,
				1D3623260D0F684500981E51 /* AppDelegate.m in Sources */,
				302D95F114D2391D003F00A1 /* MainViewController.m in Sources */,
				08B6DAEC2B6A4A82B0909116 /* CDVDevice.m in Sources */,
				C750A2FE70C54B7A8E801870 /* CDVLogger.m in Sources */,
				D3975240FA184B009EE017C2 /* CDVNotification.m in Sources */,
				803009BB3BD54B5D8642DA90 /* CDVFile.m in Sources */,
				9B7273009D194A269B2AAFC4 /* CDVLocalFilesystem.m in Sources */,
				0E81DF7697DA43649166DFC1 /* CDVAssetLibraryFilesystem.m in Sources */,
				44967B8C1F574544BEFACF6C /* CDVFileTransfer.m in Sources */,
				D088DEC6EBC24DF7BE04F8CC /* IonicKeyboard.m in Sources */,
				ABC1FCAF988E467996731AA6 /* UIWebViewExtension.m in Sources */,
				990797D4F8654111BF5A5B3F /* CDVInAppBrowser.m in Sources */,
				C00A8530841A4E049DB48DEB /* SOSPicker.m in Sources */,
				36AB6CFAA5C24A41830CB6F9 /* ELCAlbumPickerController.m in Sources */,
				D982C81F120142448B55DD62 /* ELCAsset.m in Sources */,
				7A36FA11A1F14F67BB56BCF8 /* ELCAssetCell.m in Sources */,
				EC5247411F8549B789DC39BB /* ELCAssetTablePicker.m in Sources */,
				D7B81B80C2F7498D8630A221 /* ELCImagePickerController.m in Sources */,
				2DFFA59CD2974F0FAA822ED5 /* YoikScreenOrientation.m in Sources */,
				2CE15178F7B64BFCB6E7BA64 /* CDVClipboard.m in Sources */,
				F2BEE798D28B4E91867070B5 /* CDVInstagramPlugin.m in Sources */,
				BF4185833D2948E6B8E88F6C /* CDVCookies.m in Sources */,
				ABD0AC1431924832BC59CEBB /* CordovaFacebook.m in Sources */,
				CEDEE581125341AEA085B6C0 /* CDVSplashScreen.m in Sources */,
				3D87AABE83334600B3828AE2 /* CDVViewController+SplashScreen.m in Sources */,
			);
			runOnlyForDeploymentPostprocessing = 0;
		};
/* End PBXSourcesBuildPhase section */

/* Begin PBXTargetDependency section */
		301BF551109A68C00062928A /* PBXTargetDependency */ = {
			isa = PBXTargetDependency;
			name = CordovaLib;
			targetProxy = 301BF550109A68C00062928A /* PBXContainerItemProxy */;
		};
/* End PBXTargetDependency section */

/* Begin XCBuildConfiguration section */
		1D6058940D05DD3E006BFB54 /* Debug */ = {
			isa = XCBuildConfiguration;
			buildSettings = {
				ALWAYS_SEARCH_USER_PATHS = NO;
				CLANG_ENABLE_OBJC_ARC = YES;
				CODE_SIGN_IDENTITY = "iPhone Developer";
				"CODE_SIGN_IDENTITY[sdk=iphoneos*]" = "iPhone Developer";
				COPY_PHASE_STRIP = NO;
				FRAMEWORK_SEARCH_PATHS = "$(PROJECT_DIR)";
				GCC_DYNAMIC_NO_PIC = NO;
				GCC_OPTIMIZATION_LEVEL = 0;
				GCC_PRECOMPILE_PREFIX_HEADER = YES;
				GCC_PREFIX_HEADER = "photoandgo/photoandgo-Prefix.pch";
				GCC_THUMB_SUPPORT = NO;
				GCC_VERSION = "";
				"HEADER_SEARCH_PATHS[arch=*]" = (
					"\"$(OBJROOT)/UninstalledProducts/$(PLATFORM_NAME)/include\"",
					"\"$(TARGET_BUILD_DIR)/usr/local/lib/include\"",
					"\"$(OBJROOT)/UninstalledProducts/include\"",
					"\"$(BUILT_PRODUCTS_DIR)\"",
				);
				INFOPLIST_FILE = "photoandgo/photoandgo-Info.plist";
				IPHONEOS_DEPLOYMENT_TARGET = 7.0;
				OTHER_LDFLAGS = (
					"-weak_framework",
					CoreFoundation,
					"-weak_framework",
					UIKit,
					"-weak_framework",
					AVFoundation,
					"-weak_framework",
					CoreMedia,
					"-weak-lSystem",
					"-ObjC",
				);
				PRODUCT_BUNDLE_IDENTIFIER = com.fotogo.simple;
				PRODUCT_NAME = photoandgo;
				PROVISIONING_PROFILE = "";
				TARGETED_DEVICE_FAMILY = 1;
			};
			name = Debug;
		};
		1D6058950D05DD3E006BFB54 /* Release */ = {
			isa = XCBuildConfiguration;
			buildSettings = {
				ALWAYS_SEARCH_USER_PATHS = NO;
				CLANG_ENABLE_OBJC_ARC = YES;
				CODE_SIGN_IDENTITY = "iPhone Developer";
				"CODE_SIGN_IDENTITY[sdk=iphoneos*]" = "iPhone Developer";
				COPY_PHASE_STRIP = YES;
				FRAMEWORK_SEARCH_PATHS = "$(PROJECT_DIR)";
				GCC_PRECOMPILE_PREFIX_HEADER = YES;
				GCC_PREFIX_HEADER = "photoandgo/photoandgo-Prefix.pch";
				GCC_THUMB_SUPPORT = NO;
				GCC_VERSION = "";
				HEADER_SEARCH_PATHS = (
					"\"$(OBJROOT)/UninstalledProducts/$(PLATFORM_NAME)/include\"",
					"\"$(TARGET_BUILD_DIR)/usr/local/lib/include\"",
					"\"$(OBJROOT)/UninstalledProducts/include\"",
					"\"$(BUILT_PRODUCTS_DIR)\"",
				);
				INFOPLIST_FILE = "photoandgo/photoandgo-Info.plist";
				IPHONEOS_DEPLOYMENT_TARGET = 7.0;
				OTHER_LDFLAGS = (
					"-weak_framework",
					CoreFoundation,
					"-weak_framework",
					UIKit,
					"-weak_framework",
					AVFoundation,
					"-weak_framework",
					CoreMedia,
					"-weak-lSystem",
					"-ObjC",
				);
				PRODUCT_BUNDLE_IDENTIFIER = com.fotogo.simple;
				PRODUCT_NAME = photoandgo;
				PROVISIONING_PROFILE = "";
				TARGETED_DEVICE_FAMILY = 1;
			};
			name = Release;
		};
		C01FCF4F08A954540054247B /* Debug */ = {
			isa = XCBuildConfiguration;
			buildSettings = {
				CLANG_ENABLE_OBJC_ARC = YES;
				CLANG_WARN_BOOL_CONVERSION = YES;
				CLANG_WARN_CONSTANT_CONVERSION = YES;
				CLANG_WARN_EMPTY_BODY = YES;
				CLANG_WARN_ENUM_CONVERSION = YES;
				CLANG_WARN_INT_CONVERSION = YES;
				CLANG_WARN__DUPLICATE_METHOD_MATCH = YES;
				"CODE_SIGN_IDENTITY[sdk=iphoneos*]" = "iPhone Developer";
				GCC_C_LANGUAGE_STANDARD = c99;
				GCC_THUMB_SUPPORT = NO;
				GCC_VERSION = "";
				GCC_WARN_ABOUT_RETURN_TYPE = YES;
				GCC_WARN_UNDECLARED_SELECTOR = YES;
				GCC_WARN_UNINITIALIZED_AUTOS = YES;
				GCC_WARN_UNUSED_FUNCTION = YES;
				GCC_WARN_UNUSED_VARIABLE = YES;
				HEADER_SEARCH_PATHS = (
					"\"$(TARGET_BUILD_DIR)/usr/local/lib/include\"",
					"\"$(OBJROOT)/UninstalledProducts/include\"",
					"\"$(BUILT_PRODUCTS_DIR)\"",
				);
				IPHONEOS_DEPLOYMENT_TARGET = 6.0;
				ONLY_ACTIVE_ARCH = YES;
				OTHER_LDFLAGS = (
					"-weak_framework",
					CoreFoundation,
					"-weak_framework",
					UIKit,
					"-weak_framework",
					AVFoundation,
					"-weak_framework",
					CoreMedia,
					"-weak-lSystem",
					"-ObjC",
				);
				SDKROOT = iphoneos;
				SKIP_INSTALL = NO;
				USER_HEADER_SEARCH_PATHS = "";
			};
			name = Debug;
		};
		C01FCF5008A954540054247B /* Release */ = {
			isa = XCBuildConfiguration;
			buildSettings = {
				CLANG_ENABLE_OBJC_ARC = YES;
				CLANG_WARN_BOOL_CONVERSION = YES;
				CLANG_WARN_CONSTANT_CONVERSION = YES;
				CLANG_WARN_EMPTY_BODY = YES;
				CLANG_WARN_ENUM_CONVERSION = YES;
				CLANG_WARN_INT_CONVERSION = YES;
				CLANG_WARN__DUPLICATE_METHOD_MATCH = YES;
				"CODE_SIGN_IDENTITY[sdk=iphoneos*]" = "iPhone Developer";
				GCC_C_LANGUAGE_STANDARD = c99;
				GCC_THUMB_SUPPORT = NO;
				GCC_VERSION = "";
				GCC_WARN_ABOUT_RETURN_TYPE = YES;
				GCC_WARN_UNDECLARED_SELECTOR = YES;
				GCC_WARN_UNINITIALIZED_AUTOS = YES;
				GCC_WARN_UNUSED_FUNCTION = YES;
				GCC_WARN_UNUSED_VARIABLE = YES;
				HEADER_SEARCH_PATHS = (
					"\"$(TARGET_BUILD_DIR)/usr/local/lib/include\"",
					"\"$(OBJROOT)/UninstalledProducts/include\"",
					"\"$(BUILT_PRODUCTS_DIR)\"",
				);
				IPHONEOS_DEPLOYMENT_TARGET = 6.0;
				OTHER_LDFLAGS = (
					"-weak_framework",
					CoreFoundation,
					"-weak_framework",
					UIKit,
					"-weak_framework",
					AVFoundation,
					"-weak_framework",
					CoreMedia,
					"-weak-lSystem",
					"-ObjC",
				);
				SDKROOT = iphoneos;
				SKIP_INSTALL = NO;
				USER_HEADER_SEARCH_PATHS = "";
			};
			name = Release;
		};
/* End XCBuildConfiguration section */

/* Begin XCConfigurationList section */
		1D6058960D05DD3E006BFB54 /* Build configuration list for PBXNativeTarget "photoandgo" */ = {
			isa = XCConfigurationList;
			buildConfigurations = (
				1D6058940D05DD3E006BFB54 /* Debug */,
				1D6058950D05DD3E006BFB54 /* Release */,
			);
			defaultConfigurationIsVisible = 0;
			defaultConfigurationName = Release;
		};
		C01FCF4E08A954540054247B /* Build configuration list for PBXProject "photoandgo" */ = {
			isa = XCConfigurationList;
			buildConfigurations = (
				C01FCF4F08A954540054247B /* Debug */,
				C01FCF5008A954540054247B /* Release */,
			);
			defaultConfigurationIsVisible = 0;
			defaultConfigurationName = Release;
		};
/* End XCConfigurationList section */
	};
	rootObject = 29B97313FDCFA39411CA2CEA /* Project object */;
}
